{
  "lockfileVersion": 1,
  "configVersion": 1,
  "workspaces": {
    "": {
      "name": "iyon-workspace",
      "dependencies": {
        "@iyon/cli": "workspace:*",
        "@iyon/plugins": "workspace:*",
        "@iyon/runtime": "workspace:*",
        "@iyon/sdk": "workspace:*",
      },
      "devDependencies": {
        "bun-types": "latest",
      },
    },
    "packages/iyon-cli": {
      "name": "@iyon/cli",
      "version": "0.1.0",
      "bin": {
        "iyon-smoke": "./src/index.ts",
      },
      "dependencies": {
        "@iyon/runtime": "workspace:*",
      },
    },
    "packages/iyon-plugins": {
      "name": "@iyon/plugins",
      "version": "0.1.0",
      "dependencies": {
        "@iyon/runtime": "workspace:*",
        "@iyon/sdk": "workspace:*",
      },
    },
    "packages/iyon-runtime": {
      "name": "@iyon/runtime",
      "version": "0.1.0",
      "dependencies": {
        "@iyon/plugins": "workspace:*",
        "@iyon/sdk": "workspace:*",
      },
    },
    "packages/iyon-sdk": {
      "name": "@iyon/sdk",
      "version": "0.1.0",
    },
    "plugins/providers/mock": {
      "name": "@iyon/provider-mock",
      "version": "0.1.0",
      "dependencies": {
        "@iyon/plugins": "workspace:*",
        "@iyon/sdk": "workspace:*",
      },
    },
    "plugins/providers/openai-codex": {
      "name": "@iyon/provider-openai-codex",
      "version": "0.1.0",
      "dependencies": {
        "@iyon/plugins": "workspace:*",
        "@iyon/runtime": "workspace:*",
        "@iyon/sdk": "workspace:*",
      },
    },
    "plugins/providers/openrouter": {
      "name": "@iyon/provider-openrouter",
      "version": "0.1.0",
      "dependencies": {
        "@iyon/plugins": "workspace:*",
        "@iyon/runtime": "workspace:*",
        "@iyon/sdk": "workspace:*",
      },
    },
  },
  "packages": {
    "@iyon/cli": ["@iyon/cli@workspace:packages/iyon-cli"],

    "@iyon/plugins": ["@iyon/plugins@workspace:packages/iyon-plugins"],

    "@iyon/provider-mock": ["@iyon/provider-mock@workspace:plugins/providers/mock"],

    "@iyon/provider-openai-codex": ["@iyon/provider-openai-codex@workspace:plugins/providers/openai-codex"],

    "@iyon/provider-openrouter": ["@iyon/provider-openrouter@workspace:plugins/providers/openrouter"],

    "@iyon/runtime": ["@iyon/runtime@workspace:packages/iyon-runtime"],

    "@iyon/sdk": ["@iyon/sdk@workspace:packages/iyon-sdk"],

    "@types/node": ["@types/node@26.2.0", "", { "dependencies": { "undici-types": "~8.3.0" } }, "sha512-5IviulTZeRNp2vAJ514cc/HUlY5nZ9fCbq9DMyC52BrhFZACo3nI0R7qBxhQmo/d27NFe96ur/b7Wwxklda+kg=="],

    "bun-types": ["bun-types@1.3.14", "", { "dependencies": { "@types/node": "*" } }, "sha512-4N0ig0fEomHt5R0KCFWjovxow98rIoRwKolrYdCcknNwMekCXRnWEUvgu5soYV8QXtVsrUD8B95MBOZGPvr6KQ=="],

    "undici-types": ["undici-types@8.3.0", "", {}, "sha512-j375ScV60dom+YkPFIfTLcOiPxkN/buHz5GobjLhixFuANaNs3C9l4GmrWqejgXWJ7BbJcFYpTEUkS1Ge8bpZQ=="],
  }
}
